
Microsoft Visual Studio Solution File, Format Version 12.00
# Visual Studio Version 16
VisualStudioVersion = 16.0.31515.178
MinimumVisualStudioVersion = 10.0.40219.1
Project("{9A19103F-16F7-4668-BE54-9A1E7A4F7556}") = "Mawosoft.BenchmarkDotNetToolbox", "src\Mawosoft.BenchmarkDotNetToolbox\Mawosoft.BenchmarkDotNetToolbox.csproj", "{C17C4889-A4C4-46C9-ADAD-57A5F6601E24}"
EndProject
Project("{9A19103F-16F7-4668-BE54-9A1E7A4F7556}") = "Mawosoft.BenchmarkDotNetToolbox.Tests", "tests\Mawosoft.BenchmarkDotNetToolbox.Tests\Mawosoft.BenchmarkDotNetToolbox.Tests.csproj", "{9FC57102-2DAD-4B1B-8533-694704594C60}"
EndProject
Project("{9A19103F-16F7-4668-BE54-9A1E7A4F7556}") = "ParamWrapperBenchmarks", "tests\ParamWrapperBenchmarks\ParamWrapperBenchmarks.csproj", "{6A765A16-E225-41FC-AA05-24AFFEC9E2BC}"
EndProject
Project("{2150E333-8FDC-42A3-9474-1A3956D46DE8}") = "samples", "samples", "{5BF6E883-8456-4EB6-BAD5-4ABFAD5976CC}"
EndProject
Project("{2150E333-8FDC-42A3-9474-1A3956D46DE8}") = "tests", "tests", "{43DBE20A-B015-44D6-B001-9381FB3497B9}"
EndProject
Project("{9A19103F-16F7-4668-BE54-9A1E7A4F7556}") = "BenchmarkRunInfosSample", "samples\BenchmarkRunInfosSample\BenchmarkRunInfosSample.csproj", "{32F2BFF4-7211-4BEF-BC2E-256963BF3855}"
EndProject
Project("{9A19103F-16F7-4668-BE54-9A1E7A4F7556}") = "ColumnDisplaySamples", "samples\ColumnDisplaySamples\ColumnDisplaySamples.csproj", "{4AA8AF6F-19DE-49AB-B077-9067BBB7FF6A}"
EndProject
Project("{9A19103F-16F7-4668-BE54-9A1E7A4F7556}") = "WhatifFilterSample", "samples\WhatifFilterSample\WhatifFilterSample.csproj", "{7B6BF24E-B48D-4DBD-8006-275F39424061}"
EndProject
Project("{9A19103F-16F7-4668-BE54-9A1E7A4F7556}") = "docs", "docs\docs.csproj", "{3D931261-5A76-48E6-9CC3-A6681E0F9818}"
EndProject
Global
	GlobalSection(SolutionConfigurationPlatforms) = preSolution
		Debug|Any CPU = Debug|Any CPU
		Release|Any CPU = Release|Any CPU
	EndGlobalSection
	GlobalSection(ProjectConfigurationPlatforms) = postSolution
		{C17C4889-A4C4-46C9-ADAD-57A5F6601E24}.Debug|Any CPU.ActiveCfg = Debug|Any CPU
		{C17C4889-A4C4-46C9-ADAD-57A5F6601E24}.Debug|Any CPU.Build.0 = Debug|Any CPU
		{C17C4889-A4C4-46C9-ADAD-57A5F6601E24}.Release|Any CPU.ActiveCfg = Release|Any CPU
		{C17C4889-A4C4-46C9-ADAD-57A5F6601E24}.Release|Any CPU.Build.0 = Release|Any CPU
		{9FC57102-2DAD-4B1B-8533-694704594C60}.Debug|Any CPU.ActiveCfg = Debug|Any CPU
		{9FC57102-2DAD-4B1B-8533-694704594C60}.Debug|Any CPU.Build.0 = Debug|Any CPU
		{9FC57102-2DAD-4B1B-8533-694704594C60}.Release|Any CPU.ActiveCfg = Release|Any CPU
		{9FC57102-2DAD-4B1B-8533-694704594C60}.Release|Any CPU.Build.0 = Release|Any CPU
		{6A765A16-E225-41FC-AA05-24AFFEC9E2BC}.Debug|Any CPU.ActiveCfg = Debug|Any CPU
		{6A765A16-E225-41FC-AA05-24AFFEC9E2BC}.Debug|Any CPU.Build.0 = Debug|Any CPU
		{6A765A16-E225-41FC-AA05-24AFFEC9E2BC}.Release|Any CPU.ActiveCfg = Release|Any CPU
		{6A765A16-E225-41FC-AA05-24AFFEC9E2BC}.Release|Any CPU.Build.0 = Release|Any CPU
		{32F2BFF4-7211-4BEF-BC2E-256963BF3855}.Debug|Any CPU.ActiveCfg = Debug|Any CPU
		{32F2BFF4-7211-4BEF-BC2E-256963BF3855}.Debug|Any CPU.Build.0 = Debug|Any CPU
		{32F2BFF4-7211-4BEF-BC2E-256963BF3855}.Release|Any CPU.ActiveCfg = Release|Any CPU
		{32F2BFF4-7211-4BEF-BC2E-256963BF3855}.Release|Any CPU.Build.0 = Release|Any CPU
		{4AA8AF6F-19DE-49AB-B077-9067BBB7FF6A}.Debug|Any CPU.ActiveCfg = Debug|Any CPU
		{4AA8AF6F-19DE-49AB-B077-9067BBB7FF6A}.Debug|Any CPU.Build.0 = Debug|Any CPU
		{4AA8AF6F-19DE-49AB-B077-9067BBB7FF6A}.Release|Any CPU.ActiveCfg = Release|Any CPU
		{4AA8AF6F-19DE-49AB-B077-9067BBB7FF6A}.Release|Any CPU.Build.0 = Release|Any CPU
		{7B6BF24E-B48D-4DBD-8006-275F39424061}.Debug|Any CPU.ActiveCfg = Debug|Any CPU
		{7B6BF24E-B48D-4DBD-8006-275F39424061}.Debug|Any CPU.Build.0 = Debug|Any CPU
		{7B6BF24E-B48D-4DBD-8006-275F39424061}.Release|Any CPU.ActiveCfg = Release|Any CPU
		{7B6BF24E-B48D-4DBD-8006-275F39424061}.Release|Any CPU.Build.0 = Release|Any CPU
		{3D931261-5A76-48E6-9CC3-A6681E0F9818}.Debug|Any CPU.ActiveCfg = Debug|Any CPU
		{3D931261-5A76-48E6-9CC3-A6681E0F9818}.Debug|Any CPU.Build.0 = Debug|Any CPU
		{3D931261-5A76-48E6-9CC3-A6681E0F9818}.Release|Any CPU.ActiveCfg = Release|Any CPU
		{3D931261-5A76-48E6-9CC3-A6681E0F9818}.Release|Any CPU.Build.0 = Release|Any CPU
	EndGlobalSection
	GlobalSection(SolutionProperties) = preSolution
		HideSolutionNode = FALSE
	EndGlobalSection
	GlobalSection(NestedProjects) = preSolution
		{9FC57102-2DAD-4B1B-8533-694704594C60} = {43DBE20A-B015-44D6-B001-9381FB3497B9}
		{6A765A16-E225-41FC-AA05-24AFFEC9E2BC} = {43DBE20A-B015-44D6-B001-9381FB3497B9}
		{32F2BFF4-7211-4BEF-BC2E-256963BF3855} = {5BF6E883-8456-4EB6-BAD5-4ABFAD5976CC}
		{4AA8AF6F-19DE-49AB-B077-9067BBB7FF6A} = {5BF6E883-8456-4EB6-BAD5-4ABFAD5976CC}
		{7B6BF24E-B48D-4DBD-8006-275F39424061} = {5BF6E883-8456-4EB6-BAD5-4ABFAD5976CC}
	EndGlobalSection
	GlobalSection(ExtensibilityGlobals) = postSolution
		SolutionGuid = {FB83BDB8-3B12-4E52-A54D-84CB6AF9A969}
	EndGlobalSection
EndGlobal
