
Microsoft Visual Studio Solution File, Format Version 12.00
# Visual Studio Version 16
VisualStudioVersion = 16.0.31515.178
MinimumVisualStudioVersion = 10.0.40219.1
Project("{2150E333-8FDC-42A3-9474-1A3956D46DE8}") = "samples", "samples", "{5BF6E883-8456-4EB6-BAD5-4ABFAD5976CC}"
EndProject
Project("{2150E333-8FDC-42A3-9474-1A3956D46DE8}") = "tests", "tests", "{43DBE20A-B015-44D6-B001-9381FB3497B9}"
EndProject
Project("{9A19103F-16F7-4668-BE54-9A1E7A4F7556}") = "ColumnDisplaySamples", "samples\ColumnDisplaySamples\ColumnDisplaySamples.csproj", "{44CE6BAD-57C5-4DF6-901F-61489F8C2CCD}"
EndProject
Project("{9A19103F-16F7-4668-BE54-9A1E7A4F7556}") = "WhatifFilterSample", "samples\WhatifFilterSample\WhatifFilterSample.csproj", "{0ECC1E08-8941-4F70-B1D0-33BD6F317CA0}"
EndProject
Project("{9A19103F-16F7-4668-BE54-9A1E7A4F7556}") = "ParamWrapperBenchmarks", "tests\ParamWrapperBenchmarks\ParamWrapperBenchmarks.csproj", "{99AB79F8-9523-4952-81A5-24E4C5B31109}"
EndProject
Project("{9A19103F-16F7-4668-BE54-9A1E7A4F7556}") = "docs", "docs\docs.msbuildproj", "{9D5F0274-4110-494C-93F8-3DEECFA2F439}"
EndProject
Project("{9A19103F-16F7-4668-BE54-9A1E7A4F7556}") = "Mawosoft.Extensions.BenchmarkDotNet", "src\Mawosoft.Extensions.BenchmarkDotNet\Mawosoft.Extensions.BenchmarkDotNet.csproj", "{1FD28453-4697-4E93-AB6D-58832BCD8FBD}"
EndProject
Project("{9A19103F-16F7-4668-BE54-9A1E7A4F7556}") = "WhatifFilterBenchmarks", "tests\WhatifFilterBenchmarks\WhatifFilterBenchmarks.csproj", "{67721A9C-69D2-400C-A60C-50293C789D66}"
EndProject
Project("{9A19103F-16F7-4668-BE54-9A1E7A4F7556}") = "Mawosoft.Extensions.BenchmarkDotNet.Tests.NightlyBDN", "tests\Mawosoft.Extensions.BenchmarkDotNet.Tests\NightlyBDN\Mawosoft.Extensions.BenchmarkDotNet.Tests.NightlyBDN.csproj", "{B2E5727A-7F42-43D9-B2CC-309DF082EADB}"
EndProject
Project("{9A19103F-16F7-4668-BE54-9A1E7A4F7556}") = "Mawosoft.Extensions.BenchmarkDotNet.Tests.StableBDN", "tests\Mawosoft.Extensions.BenchmarkDotNet.Tests\StableBDN\Mawosoft.Extensions.BenchmarkDotNet.Tests.StableBDN.csproj", "{5496ED10-07D8-4E01-B8E8-650418252FC8}"
EndProject
Global
	GlobalSection(SolutionConfigurationPlatforms) = preSolution
		Debug|Any CPU = Debug|Any CPU
		Release|Any CPU = Release|Any CPU
	EndGlobalSection
	GlobalSection(ProjectConfigurationPlatforms) = postSolution
		{44CE6BAD-57C5-4DF6-901F-61489F8C2CCD}.Debug|Any CPU.ActiveCfg = Debug|Any CPU
		{44CE6BAD-57C5-4DF6-901F-61489F8C2CCD}.Debug|Any CPU.Build.0 = Debug|Any CPU
		{44CE6BAD-57C5-4DF6-901F-61489F8C2CCD}.Release|Any CPU.ActiveCfg = Release|Any CPU
		{44CE6BAD-57C5-4DF6-901F-61489F8C2CCD}.Release|Any CPU.Build.0 = Release|Any CPU
		{0ECC1E08-8941-4F70-B1D0-33BD6F317CA0}.Debug|Any CPU.ActiveCfg = Debug|Any CPU
		{0ECC1E08-8941-4F70-B1D0-33BD6F317CA0}.Debug|Any CPU.Build.0 = Debug|Any CPU
		{0ECC1E08-8941-4F70-B1D0-33BD6F317CA0}.Release|Any CPU.ActiveCfg = Release|Any CPU
		{0ECC1E08-8941-4F70-B1D0-33BD6F317CA0}.Release|Any CPU.Build.0 = Release|Any CPU
		{99AB79F8-9523-4952-81A5-24E4C5B31109}.Debug|Any CPU.ActiveCfg = Debug|Any CPU
		{99AB79F8-9523-4952-81A5-24E4C5B31109}.Debug|Any CPU.Build.0 = Debug|Any CPU
		{99AB79F8-9523-4952-81A5-24E4C5B31109}.Release|Any CPU.ActiveCfg = Release|Any CPU
		{99AB79F8-9523-4952-81A5-24E4C5B31109}.Release|Any CPU.Build.0 = Release|Any CPU
		{9D5F0274-4110-494C-93F8-3DEECFA2F439}.Debug|Any CPU.ActiveCfg = Debug|Any CPU
		{9D5F0274-4110-494C-93F8-3DEECFA2F439}.Debug|Any CPU.Build.0 = Debug|Any CPU
		{9D5F0274-4110-494C-93F8-3DEECFA2F439}.Release|Any CPU.ActiveCfg = Release|Any CPU
		{9D5F0274-4110-494C-93F8-3DEECFA2F439}.Release|Any CPU.Build.0 = Release|Any CPU
		{1FD28453-4697-4E93-AB6D-58832BCD8FBD}.Debug|Any CPU.ActiveCfg = Debug|Any CPU
		{1FD28453-4697-4E93-AB6D-58832BCD8FBD}.Debug|Any CPU.Build.0 = Debug|Any CPU
		{1FD28453-4697-4E93-AB6D-58832BCD8FBD}.Release|Any CPU.ActiveCfg = Release|Any CPU
		{1FD28453-4697-4E93-AB6D-58832BCD8FBD}.Release|Any CPU.Build.0 = Release|Any CPU
		{67721A9C-69D2-400C-A60C-50293C789D66}.Debug|Any CPU.ActiveCfg = Debug|Any CPU
		{67721A9C-69D2-400C-A60C-50293C789D66}.Debug|Any CPU.Build.0 = Debug|Any CPU
		{67721A9C-69D2-400C-A60C-50293C789D66}.Release|Any CPU.ActiveCfg = Release|Any CPU
		{67721A9C-69D2-400C-A60C-50293C789D66}.Release|Any CPU.Build.0 = Release|Any CPU
		{B2E5727A-7F42-43D9-B2CC-309DF082EADB}.Debug|Any CPU.ActiveCfg = Debug|Any CPU
		{B2E5727A-7F42-43D9-B2CC-309DF082EADB}.Debug|Any CPU.Build.0 = Debug|Any CPU
		{B2E5727A-7F42-43D9-B2CC-309DF082EADB}.Release|Any CPU.ActiveCfg = Release|Any CPU
		{B2E5727A-7F42-43D9-B2CC-309DF082EADB}.Release|Any CPU.Build.0 = Release|Any CPU
		{5496ED10-07D8-4E01-B8E8-650418252FC8}.Debug|Any CPU.ActiveCfg = Debug|Any CPU
		{5496ED10-07D8-4E01-B8E8-650418252FC8}.Debug|Any CPU.Build.0 = Debug|Any CPU
		{5496ED10-07D8-4E01-B8E8-650418252FC8}.Release|Any CPU.ActiveCfg = Release|Any CPU
		{5496ED10-07D8-4E01-B8E8-650418252FC8}.Release|Any CPU.Build.0 = Release|Any CPU
	EndGlobalSection
	GlobalSection(SolutionProperties) = preSolution
		HideSolutionNode = FALSE
	EndGlobalSection
	GlobalSection(NestedProjects) = preSolution
		{44CE6BAD-57C5-4DF6-901F-61489F8C2CCD} = {5BF6E883-8456-4EB6-BAD5-4ABFAD5976CC}
		{0ECC1E08-8941-4F70-B1D0-33BD6F317CA0} = {5BF6E883-8456-4EB6-BAD5-4ABFAD5976CC}
		{99AB79F8-9523-4952-81A5-24E4C5B31109} = {43DBE20A-B015-44D6-B001-9381FB3497B9}
		{67721A9C-69D2-400C-A60C-50293C789D66} = {43DBE20A-B015-44D6-B001-9381FB3497B9}
		{B2E5727A-7F42-43D9-B2CC-309DF082EADB} = {43DBE20A-B015-44D6-B001-9381FB3497B9}
		{5496ED10-07D8-4E01-B8E8-650418252FC8} = {43DBE20A-B015-44D6-B001-9381FB3497B9}
	EndGlobalSection
	GlobalSection(ExtensibilityGlobals) = postSolution
		SolutionGuid = {FB83BDB8-3B12-4E52-A54D-84CB6AF9A969}
	EndGlobalSection
EndGlobal
